
Microsoft Visual Studio Solution File, Format Version 12.00
# Visual Studio Version 17
VisualStudioVersion = 17.5.002.0
MinimumVisualStudioVersion = 10.0.40219.1
Project("{9A19103F-16F7-4668-BE54-9A1E7A4F7556}") = "Cronômetro", "Cronômetro\Cronômetro.csproj", "{252011CC-3989-4356-A9AC-C2DE4C1250D0}"
EndProject
Global
	GlobalSection(SolutionConfigurationPlatforms) = preSolution
		Debug|Any CPU = Debug|Any CPU
		Release|Any CPU = Release|Any CPU
	EndGlobalSection
	GlobalSection(ProjectConfigurationPlatforms) = postSolution
		{252011CC-3989-4356-A9AC-C2DE4C1250D0}.Debug|Any CPU.ActiveCfg = Debug|Any CPU
		{252011CC-3989-4356-A9AC-C2DE4C1250D0}.Debug|Any CPU.Build.0 = Debug|Any CPU
		{252011CC-3989-4356-A9AC-C2DE4C1250D0}.Release|Any CPU.ActiveCfg = Release|Any CPU
		{252011CC-3989-4356-A9AC-C2DE4C1250D0}.Release|Any CPU.Build.0 = Release|Any CPU
	EndGlobalSection
	GlobalSection(SolutionProperties) = preSolution
		HideSolutionNode = FALSE
	EndGlobalSection
	GlobalSection(ExtensibilityGlobals) = postSolution
		SolutionGuid = {96DAB706-3C55-4723-AB80-5E8B3C8A8296}
	EndGlobalSection
EndGlobal
