
Microsoft Visual Studio Solution File, Format Version 12.00
# Visual Studio Version 17
VisualStudioVersion = 17.5.002.0
MinimumVisualStudioVersion = 10.0.40219.1
Project("{9A19103F-16F7-4668-BE54-9A1E7A4F7556}") = "Simulador_de_dados", "Simulador_de_dados.csproj", "{491F8DD2-1883-4235-B443-472C5EF9CEDA}"
EndProject
Global
	GlobalSection(SolutionConfigurationPlatforms) = preSolution
		Debug|Any CPU = Debug|Any CPU
		Release|Any CPU = Release|Any CPU
	EndGlobalSection
	GlobalSection(ProjectConfigurationPlatforms) = postSolution
		{491F8DD2-1883-4235-B443-472C5EF9CEDA}.Debug|Any CPU.ActiveCfg = Debug|Any CPU
		{491F8DD2-1883-4235-B443-472C5EF9CEDA}.Debug|Any CPU.Build.0 = Debug|Any CPU
		{491F8DD2-1883-4235-B443-472C5EF9CEDA}.Release|Any CPU.ActiveCfg = Release|Any CPU
		{491F8DD2-1883-4235-B443-472C5EF9CEDA}.Release|Any CPU.Build.0 = Release|Any CPU
	EndGlobalSection
	GlobalSection(SolutionProperties) = preSolution
		HideSolutionNode = FALSE
	EndGlobalSection
	GlobalSection(ExtensibilityGlobals) = postSolution
		SolutionGuid = {0DB7B862-0E77-43CD-AEAF-D1469DA1140B}
	EndGlobalSection
EndGlobal
